
Microsoft Visual Studio Solution File, Format Version 12.00
Project("{FAE04EC0-301F-11D3-BF4B-00C04F79EFBC}") = "m6", "m6.csproj", "{B6CFE677-B727-4C83-848C-31823EE2EC3B}"
EndProject
Global
	GlobalSection(SolutionConfigurationPlatforms) = preSolution
		Debug|Any CPU = Debug|Any CPU
		Release|Any CPU = Release|Any CPU
	EndGlobalSection
	GlobalSection(ProjectConfigurationPlatforms) = postSolution
		{B6CFE677-B727-4C83-848C-31823EE2EC3B}.Debug|Any CPU.ActiveCfg = Debug|Any CPU
		{B6CFE677-B727-4C83-848C-31823EE2EC3B}.Debug|Any CPU.Build.0 = Debug|Any CPU
		{B6CFE677-B727-4C83-848C-31823EE2EC3B}.Release|Any CPU.ActiveCfg = Release|Any CPU
		{B6CFE677-B727-4C83-848C-31823EE2EC3B}.Release|Any CPU.Build.0 = Release|Any CPU
	EndGlobalSection
EndGlobal
